Microsoft Visual Studio Solution File, Format Version 11.00
# Visual Studio 2010
Project("{FAE04EC0-301F-11D3-BF4B-00C04F79EFBC}") = "Assembly-CSharp", "Assembly-CSharp.csproj", "{250625A5-9EC5-375B-7D13-694AF683016B}"
EndProject
Project("{FAE04EC0-301F-11D3-BF4B-00C04F79EFBC}") = "Assembly-CSharp-firstpass", "Assembly-CSharp-firstpass.csproj", "{7D6BB8FE-C4BC-289F-DE07-E24C4A819401}"
EndProject
Project("{FAE04EC0-301F-11D3-BF4B-00C04F79EFBC}") = "Assembly-CSharp-Editor", "Assembly-CSharp-Editor.csproj", "{6E3E1D6A-ED7C-DF24-3CD4-8FF464C9F67F}"
EndProject
Project("{FAE04EC0-301F-11D3-BF4B-00C04F79EFBC}") = "Assembly-CSharp-Editor-firstpass", "Assembly-CSharp-Editor-firstpass.csproj", "{FFCEA7AE-CA1E-D467-6283-B9BEA2936CE0}"
EndProject
Global
	GlobalSection(SolutionConfigurationPlatforms) = preSolution
		Debug|Any CPU = Debug|Any CPU
		Release|Any CPU = Release|Any CPU
	EndGlobalSection
	GlobalSection(ProjectConfigurationPlatforms) = postSolution
		{250625A5-9EC5-375B-7D13-694AF683016B}.Debug|Any CPU.ActiveCfg = Debug|Any CPU
		{250625A5-9EC5-375B-7D13-694AF683016B}.Debug|Any CPU.Build.0 = Debug|Any CPU
		{250625A5-9EC5-375B-7D13-694AF683016B}.Release|Any CPU.ActiveCfg = Release|Any CPU
		{250625A5-9EC5-375B-7D13-694AF683016B}.Release|Any CPU.Build.0 = Release|Any CPU
		{7D6BB8FE-C4BC-289F-DE07-E24C4A819401}.Debug|Any CPU.ActiveCfg = Debug|Any CPU
		{7D6BB8FE-C4BC-289F-DE07-E24C4A819401}.Debug|Any CPU.Build.0 = Debug|Any CPU
		{7D6BB8FE-C4BC-289F-DE07-E24C4A819401}.Release|Any CPU.ActiveCfg = Release|Any CPU
		{7D6BB8FE-C4BC-289F-DE07-E24C4A819401}.Release|Any CPU.Build.0 = Release|Any CPU
		{6E3E1D6A-ED7C-DF24-3CD4-8FF464C9F67F}.Debug|Any CPU.ActiveCfg = Debug|Any CPU
		{6E3E1D6A-ED7C-DF24-3CD4-8FF464C9F67F}.Debug|Any CPU.Build.0 = Debug|Any CPU
		{6E3E1D6A-ED7C-DF24-3CD4-8FF464C9F67F}.Release|Any CPU.ActiveCfg = Release|Any CPU
		{6E3E1D6A-ED7C-DF24-3CD4-8FF464C9F67F}.Release|Any CPU.Build.0 = Release|Any CPU
		{FFCEA7AE-CA1E-D467-6283-B9BEA2936CE0}.Debug|Any CPU.ActiveCfg = Debug|Any CPU
		{FFCEA7AE-CA1E-D467-6283-B9BEA2936CE0}.Debug|Any CPU.Build.0 = Debug|Any CPU
		{FFCEA7AE-CA1E-D467-6283-B9BEA2936CE0}.Release|Any CPU.ActiveCfg = Release|Any CPU
		{FFCEA7AE-CA1E-D467-6283-B9BEA2936CE0}.Release|Any CPU.Build.0 = Release|Any CPU
	EndGlobalSection
	GlobalSection(SolutionProperties) = preSolution
		HideSolutionNode = FALSE
	EndGlobalSection
	GlobalSection(MonoDevelopProperties) = preSolution
		StartupItem = Assembly-CSharp.csproj
	EndGlobalSection
EndGlobal
